
Microsoft Visual Studio Solution File, Format Version 12.00
# Visual Studio 2013
VisualStudioVersion = 12.0.31101.0
MinimumVisualStudioVersion = 10.0.40219.1
Project("{FAE04EC0-301F-11D3-BF4B-00C04F79EFBC}") = "01.  FillTheMatrix", "01.  FillTheMatrix\01.  FillTheMatrix.csproj", "{06FA02E9-6834-4D3A-8539-7C8410A7DA64}"
EndProject
Project("{FAE04EC0-301F-11D3-BF4B-00C04F79EFBC}") = "TestApp", "TestApp\TestApp.csproj", "{E53F9119-78EA-4BB9-A4DF-5A7D057E3CDD}"
EndProject
Project("{FAE04EC0-301F-11D3-BF4B-00C04F79EFBC}") = "02. MaximalSum", "02. MaximalSum\02. MaximalSum.csproj", "{DA6DE3B7-B76C-46F7-8F6E-3DBC37EE53C5}"
EndProject
Project("{FAE04EC0-301F-11D3-BF4B-00C04F79EFBC}") = "03. SequenceNMatrix", "03. SequenceNMatrix\03. SequenceNMatrix.csproj", "{5F6289D6-4B03-4DB3-8E77-4781F7408641}"
EndProject
Project("{FAE04EC0-301F-11D3-BF4B-00C04F79EFBC}") = "04. BinarySearch", "04. BinarySearch\04. BinarySearch.csproj", "{A7F848EA-38B7-4B60-A348-64F0F1FEDFA5}"
EndProject
Project("{FAE04EC0-301F-11D3-BF4B-00C04F79EFBC}") = "05. SortString", "05. SortString\05. SortString.csproj", "{9BF28D8A-5DEC-48A3-8648-9D2742B847E0}"
EndProject
Global
	GlobalSection(SolutionConfigurationPlatforms) = preSolution
		Debug|Any CPU = Debug|Any CPU
		Release|Any CPU = Release|Any CPU
	EndGlobalSection
	GlobalSection(ProjectConfigurationPlatforms) = postSolution
		{06FA02E9-6834-4D3A-8539-7C8410A7DA64}.Debug|Any CPU.ActiveCfg = Debug|Any CPU
		{06FA02E9-6834-4D3A-8539-7C8410A7DA64}.Debug|Any CPU.Build.0 = Debug|Any CPU
		{06FA02E9-6834-4D3A-8539-7C8410A7DA64}.Release|Any CPU.ActiveCfg = Release|Any CPU
		{06FA02E9-6834-4D3A-8539-7C8410A7DA64}.Release|Any CPU.Build.0 = Release|Any CPU
		{E53F9119-78EA-4BB9-A4DF-5A7D057E3CDD}.Debug|Any CPU.ActiveCfg = Debug|Any CPU
		{E53F9119-78EA-4BB9-A4DF-5A7D057E3CDD}.Debug|Any CPU.Build.0 = Debug|Any CPU
		{E53F9119-78EA-4BB9-A4DF-5A7D057E3CDD}.Release|Any CPU.ActiveCfg = Release|Any CPU
		{E53F9119-78EA-4BB9-A4DF-5A7D057E3CDD}.Release|Any CPU.Build.0 = Release|Any CPU
		{DA6DE3B7-B76C-46F7-8F6E-3DBC37EE53C5}.Debug|Any CPU.ActiveCfg = Debug|Any CPU
		{DA6DE3B7-B76C-46F7-8F6E-3DBC37EE53C5}.Debug|Any CPU.Build.0 = Debug|Any CPU
		{DA6DE3B7-B76C-46F7-8F6E-3DBC37EE53C5}.Release|Any CPU.ActiveCfg = Release|Any CPU
		{DA6DE3B7-B76C-46F7-8F6E-3DBC37EE53C5}.Release|Any CPU.Build.0 = Release|Any CPU
		{5F6289D6-4B03-4DB3-8E77-4781F7408641}.Debug|Any CPU.ActiveCfg = Debug|Any CPU
		{5F6289D6-4B03-4DB3-8E77-4781F7408641}.Debug|Any CPU.Build.0 = Debug|Any CPU
		{5F6289D6-4B03-4DB3-8E77-4781F7408641}.Release|Any CPU.ActiveCfg = Release|Any CPU
		{5F6289D6-4B03-4DB3-8E77-4781F7408641}.Release|Any CPU.Build.0 = Release|Any CPU
		{A7F848EA-38B7-4B60-A348-64F0F1FEDFA5}.Debug|Any CPU.ActiveCfg = Debug|Any CPU
		{A7F848EA-38B7-4B60-A348-64F0F1FEDFA5}.Debug|Any CPU.Build.0 = Debug|Any CPU
		{A7F848EA-38B7-4B60-A348-64F0F1FEDFA5}.Release|Any CPU.ActiveCfg = Release|Any CPU
		{A7F848EA-38B7-4B60-A348-64F0F1FEDFA5}.Release|Any CPU.Build.0 = Release|Any CPU
		{9BF28D8A-5DEC-48A3-8648-9D2742B847E0}.Debug|Any CPU.ActiveCfg = Debug|Any CPU
		{9BF28D8A-5DEC-48A3-8648-9D2742B847E0}.Debug|Any CPU.Build.0 = Debug|Any CPU
		{9BF28D8A-5DEC-48A3-8648-9D2742B847E0}.Release|Any CPU.ActiveCfg = Release|Any CPU
		{9BF28D8A-5DEC-48A3-8648-9D2742B847E0}.Release|Any CPU.Build.0 = Release|Any CPU
	EndGlobalSection
	GlobalSection(SolutionProperties) = preSolution
		HideSolutionNode = FALSE
	EndGlobalSection
EndGlobal
